// !$*UTF8*$!
{
	archiveVersion = 1;
	classes = {
	};
	objectVersion = 52;
	objects = {

/* Begin PBXBuildFile section */
		711792B02540962600D4EDA9 /* AppDelegate.swift in Sources */ = {isa = PBXBuildFile; fileRef = 711792AF2540962600D4EDA9 /* AppDelegate.swift */; };
		711792B22540962600D4EDA9 /* SceneDelegate.swift in Sources */ = {isa = PBXBuildFile; fileRef = 711792B12540962600D4EDA9 /* SceneDelegate.swift */; };
		711792B42540962600D4EDA9 /* ContentView.swift in Sources */ = {isa = PBXBuildFile; fileRef = 711792B32540962600D4EDA9 /* ContentView.swift */; };
		711792B62540962800D4EDA9 /* Assets.xcassets in Resources */ = {isa = PBXBuildFile; fileRef = 711792B52540962800D4EDA9 /* Assets.xcassets */; };
		711792B92540962800D4EDA9 /* Preview Assets.xcassets in Resources */ = {isa = PBXBuildFile; fileRef = 711792B82540962800D4EDA9 /* Preview Assets.xcassets */; };
		711792BC2540962800D4EDA9 /* LaunchScreen.storyboard in Resources */ = {isa = PBXBuildFile; fileRef = 711792BA2540962800D4EDA9 /* LaunchScreen.storyboard */; };
		711792C72540962800D4EDA9 /* FacebookReactionsTests.swift in Sources */ = {isa = PBXBuildFile; fileRef = 711792C62540962800D4EDA9 /* FacebookReactionsTests.swift */; };
		711792D22540962800D4EDA9 /* FacebookReactionsUITests.swift in Sources */ = {isa = PBXBuildFile; fileRef = 711792D12540962800D4EDA9 /* FacebookReactionsUITests.swift */; };
		711792EB2540967B00D4EDA9 /* angry.gif in Resources */ = {isa = PBXBuildFile; fileRef = 711792E52540967A00D4EDA9 /* angry.gif */; };
		711792EC2540967B00D4EDA9 /* love.gif in Resources */ = {isa = PBXBuildFile; fileRef = 711792E62540967A00D4EDA9 /* love.gif */; };
		711792ED2540967B00D4EDA9 /* like.gif in Resources */ = {isa = PBXBuildFile; fileRef = 711792E72540967A00D4EDA9 /* like.gif */; };
		711792EE2540967B00D4EDA9 /* sad.gif in Resources */ = {isa = PBXBuildFile; fileRef = 711792E82540967A00D4EDA9 /* sad.gif */; };
		711792EF2540967B00D4EDA9 /* haha.gif in Resources */ = {isa = PBXBuildFile; fileRef = 711792E92540967B00D4EDA9 /* haha.gif */; };
		711792F02540967B00D4EDA9 /* wow.gif in Resources */ = {isa = PBXBuildFile; fileRef = 711792EA2540967B00D4EDA9 /* wow.gif */; };
		711792FD2540969700D4EDA9 /* Home.swift in Sources */ = {isa = PBXBuildFile; fileRef = 711792FC2540969700D4EDA9 /* Home.swift */; };
		711793052540999E00D4EDA9 /* Post.swift in Sources */ = {isa = PBXBuildFile; fileRef = 711793042540999E00D4EDA9 /* Post.swift */; };
		716B30342541096E00E568F1 /* PostView.swift in Sources */ = {isa = PBXBuildFile; fileRef = 716B30332541096E00E568F1 /* PostView.swift */; };
		716B303925410FA500E568F1 /* ReactionView.swift in Sources */ = {isa = PBXBuildFile; fileRef = 716B303825410FA500E568F1 /* ReactionView.swift */; };
		716B303F2541104C00E568F1 /* SDWebImageSwiftUI in Frameworks */ = {isa = PBXBuildFile; productRef = 716B303E2541104C00E568F1 /* SDWebImageSwiftUI */; };
/* End PBXBuildFile section */

/* Begin PBXContainerItemProxy section */
		711792C32540962800D4EDA9 /* PBXContainerItemProxy */ = {
			isa = PBXContainerItemProxy;
			containerPortal = 711792A42540962600D4EDA9 /* Project object */;
			proxyType = 1;
			remoteGlobalIDString = 711792AB2540962600D4EDA9;
			remoteInfo = FacebookReactions;
		};
		711792CE2540962800D4EDA9 /* PBXContainerItemProxy */ = {
			isa = PBXContainerItemProxy;
			containerPortal = 711792A42540962600D4EDA9 /* Project object */;
			proxyType = 1;
			remoteGlobalIDString = 711792AB2540962600D4EDA9;
			remoteInfo = FacebookReactions;
		};
/* End PBXContainerItemProxy section */

/* Begin PBXFileReference section */
		711792AC2540962600D4EDA9 /* FacebookReactions.app */ = {isa = PBXFileReference; explicitFileType = wrapper.application; includeInIndex = 0; path = FacebookReactions.app; sourceTree = BUILT_PRODUCTS_DIR; };
		711792AF2540962600D4EDA9 /* AppDelegate.swift */ = {isa = PBXFileReference; lastKnownFileType = sourcecode.swift; path = AppDelegate.swift; sourceTree = "<group>"; };
		711792B12540962600D4EDA9 /* SceneDelegate.swift */ = {isa = PBXFileReference; lastKnownFileType = sourcecode.swift; path = SceneDelegate.swift; sourceTree = "<group>"; };
		711792B32540962600D4EDA9 /* ContentView.swift */ = {isa = PBXFileReference; lastKnownFileType = sourcecode.swift; path = ContentView.swift; sourceTree = "<group>"; };
		711792B52540962800D4EDA9 /* Assets.xcassets */ = {isa = PBXFileReference; lastKnownFileType = folder.assetcatalog; path = Assets.xcassets; sourceTree = "<group>"; };
		711792B82540962800D4EDA9 /* Preview Assets.xcassets */ = {isa = PBXFileReference; lastKnownFileType = folder.assetcatalog; path = "Preview Assets.xcassets"; sourceTree = "<group>"; };
		711792BB2540962800D4EDA9 /* Base */ = {isa = PBXFileReference; lastKnownFileType = file.storyboard; name = Base; path = Base.lproj/LaunchScreen.storyboard; sourceTree = "<group>"; };
		711792BD2540962800D4EDA9 /* Info.plist */ = {isa = PBXFileReference; lastKnownFileType = text.plist.xml; path = Info.plist; sourceTree = "<group>"; };
		711792C22540962800D4EDA9 /* FacebookReactionsTests.xctest */ = {isa = PBXFileReference; explicitFileType = wrapper.cfbundle; includeInIndex = 0; path = FacebookReactionsTests.xctest; sourceTree = BUILT_PRODUCTS_DIR; };
		711792C62540962800D4EDA9 /* FacebookReactionsTests.swift */ = {isa = PBXFileReference; lastKnownFileType = sourcecode.swift; path = FacebookReactionsTests.swift; sourceTree = "<group>"; };
		711792C82540962800D4EDA9 /* Info.plist */ = {isa = PBXFileReference; lastKnownFileType = text.plist.xml; path = Info.plist; sourceTree = "<group>"; };
		711792CD2540962800D4EDA9 /* FacebookReactionsUITests.xctest */ = {isa = PBXFileReference; explicitFileType = wrapper.cfbundle; includeInIndex = 0; path = FacebookReactionsUITests.xctest; sourceTree = BUILT_PRODUCTS_DIR; };
		711792D12540962800D4EDA9 /* FacebookReactionsUITests.swift */ = {isa = PBXFileReference; lastKnownFileType = sourcecode.swift; path = FacebookReactionsUITests.swift; sourceTree = "<group>"; };
		711792D32540962800D4EDA9 /* Info.plist */ = {isa = PBXFileReference; lastKnownFileType = text.plist.xml; path = Info.plist; sourceTree = "<group>"; };
		711792E52540967A00D4EDA9 /* angry.gif */ = {isa = PBXFileReference; lastKnownFileType = image.gif; path = angry.gif; sourceTree = "<group>"; };
		711792E62540967A00D4EDA9 /* love.gif */ = {isa = PBXFileReference; lastKnownFileType = image.gif; path = love.gif; sourceTree = "<group>"; };
		711792E72540967A00D4EDA9 /* like.gif */ = {isa = PBXFileReference; lastKnownFileType = image.gif; path = like.gif; sourceTree = "<group>"; };
		711792E82540967A00D4EDA9 /* sad.gif */ = {isa = PBXFileReference; lastKnownFileType = image.gif; path = sad.gif; sourceTree = "<group>"; };
		711792E92540967B00D4EDA9 /* haha.gif */ = {isa = PBXFileReference; lastKnownFileType = image.gif; path = haha.gif; sourceTree = "<group>"; };
		711792EA2540967B00D4EDA9 /* wow.gif */ = {isa = PBXFileReference; lastKnownFileType = image.gif; path = wow.gif; sourceTree = "<group>"; };
		711792FC2540969700D4EDA9 /* Home.swift */ = {isa = PBXFileReference; lastKnownFileType = sourcecode.swift; path = Home.swift; sourceTree = "<group>"; };
		711793042540999E00D4EDA9 /* Post.swift */ = {isa = PBXFileReference; lastKnownFileType = sourcecode.swift; path = Post.swift; sourceTree = "<group>"; };
		716B30332541096E00E568F1 /* PostView.swift */ = {isa = PBXFileReference; lastKnownFileType = sourcecode.swift; path = PostView.swift; sourceTree = "<group>"; };
		716B303825410FA500E568F1 /* ReactionView.swift */ = {isa = PBXFileReference; lastKnownFileType = sourcecode.swift; path = ReactionView.swift; sourceTree = "<group>"; };
/* End PBXFileReference section */

/* Begin PBXFrameworksBuildPhase section */
		711792A92540962600D4EDA9 /* Frameworks */ = {
			isa = PBXFrameworksBuildPhase;
			buildActionMask = 2147483647;
			files = (
				716B303F2541104C00E568F1 /* SDWebImageSwiftUI in Frameworks */,
			);
			runOnlyForDeploymentPostprocessing = 0;
		};
		711792BF2540962800D4EDA9 /* Frameworks */ = {
			isa = PBXFrameworksBuildPhase;
			buildActionMask = 2147483647;
			files = (
			);
			runOnlyForDeploymentPostprocessing = 0;
		};
		711792CA2540962800D4EDA9 /* Frameworks */ = {
			isa = PBXFrameworksBuildPhase;
			buildActionMask = 2147483647;
			files = (
			);
			runOnlyForDeploymentPostprocessing = 0;
		};
/* End PBXFrameworksBuildPhase section */

/* Begin PBXGroup section */
		711792A32540962600D4EDA9 = {
			isa = PBXGroup;
			children = (
				711792AE2540962600D4EDA9 /* FacebookReactions */,
				711792C52540962800D4EDA9 /* FacebookReactionsTests */,
				711792D02540962800D4EDA9 /* FacebookReactionsUITests */,
				711792AD2540962600D4EDA9 /* Products */,
			);
			sourceTree = "<group>";
		};
		711792AD2540962600D4EDA9 /* Products */ = {
			isa = PBXGroup;
			children = (
				711792AC2540962600D4EDA9 /* FacebookReactions.app */,
				711792C22540962800D4EDA9 /* FacebookReactionsTests.xctest */,
				711792CD2540962800D4EDA9 /* FacebookReactionsUITests.xctest */,
			);
			name = Products;
			sourceTree = "<group>";
		};
		711792AE2540962600D4EDA9 /* FacebookReactions */ = {
			isa = PBXGroup;
			children = (
				711792E42540964D00D4EDA9 /* reactions */,
				711792E32540964900D4EDA9 /* Model */,
				711792E22540964400D4EDA9 /* View */,
				711792AF2540962600D4EDA9 /* AppDelegate.swift */,
				711792B12540962600D4EDA9 /* SceneDelegate.swift */,
				711792B32540962600D4EDA9 /* ContentView.swift */,
				711792B52540962800D4EDA9 /* Assets.xcassets */,
				711792BA2540962800D4EDA9 /* LaunchScreen.storyboard */,
				711792BD2540962800D4EDA9 /* Info.plist */,
				711792B72540962800D4EDA9 /* Preview Content */,
			);
			path = FacebookReactions;
			sourceTree = "<group>";
		};
		711792B72540962800D4EDA9 /* Preview Content */ = {
			isa = PBXGroup;
			children = (
				711792B82540962800D4EDA9 /* Preview Assets.xcassets */,
			);
			path = "Preview Content";
			sourceTree = "<group>";
		};
		711792C52540962800D4EDA9 /* FacebookReactionsTests */ = {
			isa = PBXGroup;
			children = (
				711792C62540962800D4EDA9 /* FacebookReactionsTests.swift */,
				711792C82540962800D4EDA9 /* Info.plist */,
			);
			path = FacebookReactionsTests;
			sourceTree = "<group>";
		};
		711792D02540962800D4EDA9 /* FacebookReactionsUITests */ = {
			isa = PBXGroup;
			children = (
				711792D12540962800D4EDA9 /* FacebookReactionsUITests.swift */,
				711792D32540962800D4EDA9 /* Info.plist */,
			);
			path = FacebookReactionsUITests;
			sourceTree = "<group>";
		};
		711792E22540964400D4EDA9 /* View */ = {
			isa = PBXGroup;
			children = (
				711792FC2540969700D4EDA9 /* Home.swift */,
				716B30332541096E00E568F1 /* PostView.swift */,
				716B303825410FA500E568F1 /* ReactionView.swift */,
			);
			path = View;
			sourceTree = "<group>";
		};
		711792E32540964900D4EDA9 /* Model */ = {
			isa = PBXGroup;
			children = (
				711793042540999E00D4EDA9 /* Post.swift */,
			);
			path = Model;
			sourceTree = "<group>";
		};
		711792E42540964D00D4EDA9 /* reactions */ = {
			isa = PBXGroup;
			children = (
				711792E52540967A00D4EDA9 /* angry.gif */,
				711792E92540967B00D4EDA9 /* haha.gif */,
				711792E72540967A00D4EDA9 /* like.gif */,
				711792E62540967A00D4EDA9 /* love.gif */,
				711792E82540967A00D4EDA9 /* sad.gif */,
				711792EA2540967B00D4EDA9 /* wow.gif */,
			);
			path = reactions;
			sourceTree = "<group>";
		};
/* End PBXGroup section */

/* Begin PBXNativeTarget section */
		711792AB2540962600D4EDA9 /* FacebookReactions */ = {
			isa = PBXNativeTarget;
			buildConfigurationList = 711792D62540962800D4EDA9 /* Build configuration list for PBXNativeTarget "FacebookReactions" */;
			buildPhases = (
				711792A82540962600D4EDA9 /* Sources */,
				711792A92540962600D4EDA9 /* Frameworks */,
				711792AA2540962600D4EDA9 /* Resources */,
			);
			buildRules = (
			);
			dependencies = (
			);
			name = FacebookReactions;
			packageProductDependencies = (
				716B303E2541104C00E568F1 /* SDWebImageSwiftUI */,
			);
			productName = FacebookReactions;
			productReference = 711792AC2540962600D4EDA9 /* FacebookReactions.app */;
			productType = "com.apple.product-type.application";
		};
		711792C12540962800D4EDA9 /* FacebookReactionsTests */ = {
			isa = PBXNativeTarget;
			buildConfigurationList = 711792D92540962800D4EDA9 /* Build configuration list for PBXNativeTarget "FacebookReactionsTests" */;
			buildPhases = (
				711792BE2540962800D4EDA9 /* Sources */,
				711792BF2540962800D4EDA9 /* Frameworks */,
				711792C02540962800D4EDA9 /* Resources */,
			);
			buildRules = (
			);
			dependencies = (
				711792C42540962800D4EDA9 /* PBXTargetDependency */,
			);
			name = FacebookReactionsTests;
			productName = FacebookReactionsTests;
			productReference = 711792C22540962800D4EDA9 /* FacebookReactionsTests.xctest */;
			productType = "com.apple.product-type.bundle.unit-test";
		};
		711792CC2540962800D4EDA9 /* FacebookReactionsUITests */ = {
			isa = PBXNativeTarget;
			buildConfigurationList = 711792DC2540962800D4EDA9 /* Build configuration list for PBXNativeTarget "FacebookReactionsUITests" */;
			buildPhases = (
				711792C92540962800D4EDA9 /* Sources */,
				711792CA2540962800D4EDA9 /* Frameworks */,
				711792CB2540962800D4EDA9 /* Resources */,
			);
			buildRules = (
			);
			dependencies = (
				711792CF2540962800D4EDA9 /* PBXTargetDependency */,
			);
			name = FacebookReactionsUITests;
			productName = FacebookReactionsUITests;
			productReference = 711792CD2540962800D4EDA9 /* FacebookReactionsUITests.xctest */;
			productType = "com.apple.product-type.bundle.ui-testing";
		};
/* End PBXNativeTarget section */

/* Begin PBXProject section */
		711792A42540962600D4EDA9 /* Project object */ = {
			isa = PBXProject;
			attributes = {
				LastSwiftUpdateCheck = 1200;
				LastUpgradeCheck = 1200;
				TargetAttributes = {
					711792AB2540962600D4EDA9 = {
						CreatedOnToolsVersion = 12.0.1;
					};
					711792C12540962800D4EDA9 = {
						CreatedOnToolsVersion = 12.0.1;
						TestTargetID = 711792AB2540962600D4EDA9;
					};
					711792CC2540962800D4EDA9 = {
						CreatedOnToolsVersion = 12.0.1;
						TestTargetID = 711792AB2540962600D4EDA9;
					};
				};
			};
			buildConfigurationList = 711792A72540962600D4EDA9 /* Build configuration list for PBXProject "FacebookReactions" */;
			compatibilityVersion = "Xcode 9.3";
			developmentRegion = en;
			hasScannedForEncodings = 0;
			knownRegions = (
				en,
				Base,
			);
			mainGroup = 711792A32540962600D4EDA9;
			packageReferences = (
				716B303D2541104C00E568F1 /* XCRemoteSwiftPackageReference "SDWebImageSwiftUI" */,
			);
			productRefGroup = 711792AD2540962600D4EDA9 /* Products */;
			projectDirPath = "";
			projectRoot = "";
			targets = (
				711792AB2540962600D4EDA9 /* FacebookReactions */,
				711792C12540962800D4EDA9 /* FacebookReactionsTests */,
				711792CC2540962800D4EDA9 /* FacebookReactionsUITests */,
			);
		};
/* End PBXProject section */

/* Begin PBXResourcesBuildPhase section */
		711792AA2540962600D4EDA9 /* Resources */ = {
			isa = PBXResourcesBuildPhase;
			buildActionMask = 2147483647;
			files = (
				711792BC2540962800D4EDA9 /* LaunchScreen.storyboard in Resources */,
				711792ED2540967B00D4EDA9 /* like.gif in Resources */,
				711792EE2540967B00D4EDA9 /* sad.gif in Resources */,
				711792F02540967B00D4EDA9 /* wow.gif in Resources */,
				711792B92540962800D4EDA9 /* Preview Assets.xcassets in Resources */,
				711792EC2540967B00D4EDA9 /* love.gif in Resources */,
				711792EB2540967B00D4EDA9 /* angry.gif in Resources */,
				711792EF2540967B00D4EDA9 /* haha.gif in Resources */,
				711792B62540962800D4EDA9 /* Assets.xcassets in Resources */,
			);
			runOnlyForDeploymentPostprocessing = 0;
		};
		711792C02540962800D4EDA9 /* Resources */ = {
			isa = PBXResourcesBuildPhase;
			buildActionMask = 2147483647;
			files = (
			);
			runOnlyForDeploymentPostprocessing = 0;
		};
		711792CB2540962800D4EDA9 /* Resources */ = {
			isa = PBXResourcesBuildPhase;
			buildActionMask = 2147483647;
			files = (
			);
			runOnlyForDeploymentPostprocessing = 0;
		};
/* End PBXResourcesBuildPhase section */

/* Begin PBXSourcesBuildPhase section */
		711792A82540962600D4EDA9 /* Sources */ = {
			isa = PBXSourcesBuildPhase;
			buildActionMask = 2147483647;
			files = (
				711792B02540962600D4EDA9 /* AppDelegate.swift in Sources */,
				711792B22540962600D4EDA9 /* SceneDelegate.swift in Sources */,
				711792FD2540969700D4EDA9 /* Home.swift in Sources */,
				711792B42540962600D4EDA9 /* ContentView.swift in Sources */,
				716B303925410FA500E568F1 /* ReactionView.swift in Sources */,
				716B30342541096E00E568F1 /* PostView.swift in Sources */,
				711793052540999E00D4EDA9 /* Post.swift in Sources */,
			);
			runOnlyForDeploymentPostprocessing = 0;
		};
		711792BE2540962800D4EDA9 /* Sources */ = {
			isa = PBXSourcesBuildPhase;
			buildActionMask = 2147483647;
			files = (
				711792C72540962800D4EDA9 /* FacebookReactionsTests.swift in Sources */,
			);
			runOnlyForDeploymentPostprocessing = 0;
		};
		711792C92540962800D4EDA9 /* Sources */ = {
			isa = PBXSourcesBuildPhase;
			buildActionMask = 2147483647;
			files = (
				711792D22540962800D4EDA9 /* FacebookReactionsUITests.swift in Sources */,
			);
			runOnlyForDeploymentPostprocessing = 0;
		};
/* End PBXSourcesBuildPhase section */

/* Begin PBXTargetDependency section */
		711792C42540962800D4EDA9 /* PBXTargetDependency */ = {
			isa = PBXTargetDependency;
			target = 711792AB2540962600D4EDA9 /* FacebookReactions */;
			targetProxy = 711792C32540962800D4EDA9 /* PBXContainerItemProxy */;
		};
		711792CF2540962800D4EDA9 /* PBXTargetDependency */ = {
			isa = PBXTargetDependency;
			target = 711792AB2540962600D4EDA9 /* FacebookReactions */;
			targetProxy = 711792CE2540962800D4EDA9 /* PBXContainerItemProxy */;
		};
/* End PBXTargetDependency section */

/* Begin PBXVariantGroup section */
		711792BA2540962800D4EDA9 /* LaunchScreen.storyboard */ = {
			isa = PBXVariantGroup;
			children = (
				711792BB2540962800D4EDA9 /* Base */,
			);
			name = LaunchScreen.storyboard;
			sourceTree = "<group>";
		};
/* End PBXVariantGroup section */

/* Begin XCBuildConfiguration section */
		711792D42540962800D4EDA9 /* Debug */ = {
			isa = XCBuildConfiguration;
			buildSettings = {
				ALWAYS_SEARCH_USER_PATHS = NO;
				CLANG_ANALYZER_NONNULL = YES;
				CLANG_ANALYZER_NUMBER_OBJECT_CONVERSION = YES_AGGRESSIVE;
				CLANG_CXX_LANGUAGE_STANDARD = "gnu++14";
				CLANG_CXX_LIBRARY = "libc++";
				CLANG_ENABLE_MODULES = YES;
				CLANG_ENABLE_OBJC_ARC = YES;
				CLANG_ENABLE_OBJC_WEAK = YES;
				CLANG_WARN_BLOCK_CAPTURE_AUTORELEASING = YES;
				CLANG_WARN_BOOL_CONVERSION = YES;
				CLANG_WARN_COMMA = YES;
				CLANG_WARN_CONSTANT_CONVERSION = YES;
				CLANG_WARN_DEPRECATED_OBJC_IMPLEMENTATIONS = YES;
				CLANG_WARN_DIRECT_OBJC_ISA_USAGE = YES_ERROR;
				CLANG_WARN_DOCUMENTATION_COMMENTS = YES;
				CLANG_WARN_EMPTY_BODY = YES;
				CLANG_WARN_ENUM_CONVERSION = YES;
				CLANG_WARN_INFINITE_RECURSION = YES;
				CLANG_WARN_INT_CONVERSION = YES;
				CLANG_WARN_NON_LITERAL_NULL_CONVERSION = YES;
				CLANG_WARN_OBJC_IMPLICIT_RETAIN_SELF = YES;
				CLANG_WARN_OBJC_LITERAL_CONVERSION = YES;
				CLANG_WARN_OBJC_ROOT_CLASS = YES_ERROR;
				CLANG_WARN_QUOTED_INCLUDE_IN_FRAMEWORK_HEADER = YES;
				CLANG_WARN_RANGE_LOOP_ANALYSIS = YES;
				CLANG_WARN_STRICT_PROTOTYPES = YES;
				CLANG_WARN_SUSPICIOUS_MOVE = YES;
				CLANG_WARN_UNGUARDED_AVAILABILITY = YES_AGGRESSIVE;
				CLANG_WARN_UNREACHABLE_CODE = YES;
				CLANG_WARN__DUPLICATE_METHOD_MATCH = YES;
				COPY_PHASE_STRIP = NO;
				DEBUG_INFORMATION_FORMAT = dwarf;
				ENABLE_STRICT_OBJC_MSGSEND = YES;
				ENABLE_TESTABILITY = YES;
				GCC_C_LANGUAGE_STANDARD = gnu11;
				GCC_DYNAMIC_NO_PIC = NO;
				GCC_NO_COMMON_BLOCKS = YES;
				GCC_OPTIMIZATION_LEVEL = 0;
				GCC_PREPROCESSOR_DEFINITIONS = (
					"DEBUG=1",
					"$(inherited)",
				);
				GCC_WARN_64_TO_32_BIT_CONVERSION = YES;
				GCC_WARN_ABOUT_RETURN_TYPE = YES_ERROR;
				GCC_WARN_UNDECLARED_SELECTOR = YES;
				GCC_WARN_UNINITIALIZED_AUTOS = YES_AGGRESSIVE;
				GCC_WARN_UNUSED_FUNCTION = YES;
				GCC_WARN_UNUSED_VARIABLE = YES;
				IPHONEOS_DEPLOYMENT_TARGET = 14.0;
				MTL_ENABLE_DEBUG_INFO = INCLUDE_SOURCE;
				MTL_FAST_MATH = YES;
				ONLY_ACTIVE_ARCH = YES;
				SDKROOT = iphoneos;
				SWIFT_ACTIVE_COMPILATION_CONDITIONS = DEBUG;
				SWIFT_OPTIMIZATION_LEVEL = "-Onone";
			};
			name = Debug;
		};
		711792D52540962800D4EDA9 /* Release */ = {
			isa = XCBuildConfiguration;
			buildSettings = {
				ALWAYS_SEARCH_USER_PATHS = NO;
				CLANG_ANALYZER_NONNULL = YES;
				CLANG_ANALYZER_NUMBER_OBJECT_CONVERSION = YES_AGGRESSIVE;
				CLANG_CXX_LANGUAGE_STANDARD = "gnu++14";
				CLANG_CXX_LIBRARY = "libc++";
				CLANG_ENABLE_MODULES = YES;
				CLANG_ENABLE_OBJC_ARC = YES;
				CLANG_ENABLE_OBJC_WEAK = YES;
				CLANG_WARN_BLOCK_CAPTURE_AUTORELEASING = YES;
				CLANG_WARN_BOOL_CONVERSION = YES;
				CLANG_WARN_COMMA = YES;
				CLANG_WARN_CONSTANT_CONVERSION = YES;
				CLANG_WARN_DEPRECATED_OBJC_IMPLEMENTATIONS = YES;
				CLANG_WARN_DIRECT_OBJC_ISA_USAGE = YES_ERROR;
				CLANG_WARN_DOCUMENTATION_COMMENTS = YES;
				CLANG_WARN_EMPTY_BODY = YES;
				CLANG_WARN_ENUM_CONVERSION = YES;
				CLANG_WARN_INFINITE_RECURSION = YES;
				CLANG_WARN_INT_CONVERSION = YES;
				CLANG_WARN_NON_LITERAL_NULL_CONVERSION = YES;
				CLANG_WARN_OBJC_IMPLICIT_RETAIN_SELF = YES;
				CLANG_WARN_OBJC_LITERAL_CONVERSION = YES;
				CLANG_WARN_OBJC_ROOT_CLASS = YES_ERROR;
				CLANG_WARN_QUOTED_INCLUDE_IN_FRAMEWORK_HEADER = YES;
				CLANG_WARN_RANGE_LOOP_ANALYSIS = YES;
				CLANG_WARN_STRICT_PROTOTYPES = YES;
				CLANG_WARN_SUSPICIOUS_MOVE = YES;
				CLANG_WARN_UNGUARDED_AVAILABILITY = YES_AGGRESSIVE;
				CLANG_WARN_UNREACHABLE_CODE = YES;
				CLANG_WARN__DUPLICATE_METHOD_MATCH = YES;
				COPY_PHASE_STRIP = NO;
				DEBUG_INFORMATION_FORMAT = "dwarf-with-dsym";
				ENABLE_NS_ASSERTIONS = NO;
				ENABLE_STRICT_OBJC_MSGSEND = YES;
				GCC_C_LANGUAGE_STANDARD = gnu11;
				GCC_NO_COMMON_BLOCKS = YES;
				GCC_WARN_64_TO_32_BIT_CONVERSION = YES;
				GCC_WARN_ABOUT_RETURN_TYPE = YES_ERROR;
				GCC_WARN_UNDECLARED_SELECTOR = YES;
				GCC_WARN_UNINITIALIZED_AUTOS = YES_AGGRESSIVE;
				GCC_WARN_UNUSED_FUNCTION = YES;
				GCC_WARN_UNUSED_VARIABLE = YES;
				IPHONEOS_DEPLOYMENT_TARGET = 14.0;
				MTL_ENABLE_DEBUG_INFO = NO;
				MTL_FAST_MATH = YES;
				SDKROOT = iphoneos;
				SWIFT_COMPILATION_MODE = wholemodule;
				SWIFT_OPTIMIZATION_LEVEL = "-O";
				VALIDATE_PRODUCT = YES;
			};
			name = Release;
		};
		711792D72540962800D4EDA9 /* Debug */ = {
			isa = XCBuildConfiguration;
			buildSettings = {
				ASSETCATALOG_COMPILER_APPICON_NAME = AppIcon;
				ASSETCATALOG_COMPILER_GLOBAL_ACCENT_COLOR_NAME = AccentColor;
				CODE_SIGN_STYLE = Automatic;
				DEVELOPMENT_ASSET_PATHS = "\"FacebookReactions/Preview Content\"";
				DEVELOPMENT_TEAM = 3Y9DK6PUZE;
				ENABLE_PREVIEWS = YES;
				INFOPLIST_FILE = FacebookReactions/Info.plist;
				LD_RUNPATH_SEARCH_PATHS = (
					"$(inherited)",
					"@executable_path/Frameworks",
				);
				PRODUCT_BUNDLE_IDENTIFIER = com.example.FacebookReactions;
				PRODUCT_NAME = "$(TARGET_NAME)";
				SWIFT_VERSION = 5.0;
				TARGETED_DEVICE_FAMILY = "1,2";
			};
			name = Debug;
		};
		711792D82540962800D4EDA9 /* Release */ = {
			isa = XCBuildConfiguration;
			buildSettings = {
				ASSETCATALOG_COMPILER_APPICON_NAME = AppIcon;
				ASSETCATALOG_COMPILER_GLOBAL_ACCENT_COLOR_NAME = AccentColor;
				CODE_SIGN_STYLE = Automatic;
				DEVELOPMENT_ASSET_PATHS = "\"FacebookReactions/Preview Content\"";
				DEVELOPMENT_TEAM = 3Y9DK6PUZE;
				ENABLE_PREVIEWS = YES;
				INFOPLIST_FILE = FacebookReactions/Info.plist;
				LD_RUNPATH_SEARCH_PATHS = (
					"$(inherited)",
					"@executable_path/Frameworks",
				);
				PRODUCT_BUNDLE_IDENTIFIER = com.example.FacebookReactions;
				PRODUCT_NAME = "$(TARGET_NAME)";
				SWIFT_VERSION = 5.0;
				TARGETED_DEVICE_FAMILY = "1,2";
			};
			name = Release;
		};
		711792DA2540962800D4EDA9 /* Debug */ = {
			isa = XCBuildConfiguration;
			buildSettings = {
				ALWAYS_EMBED_SWIFT_STANDARD_LIBRARIES = YES;
				BUNDLE_LOADER = "$(TEST_HOST)";
				CODE_SIGN_STYLE = Automatic;
				DEVELOPMENT_TEAM = 3Y9DK6PUZE;
				INFOPLIST_FILE = FacebookReactionsTests/Info.plist;
				IPHONEOS_DEPLOYMENT_TARGET = 14.0;
				LD_RUNPATH_SEARCH_PATHS = (
					"$(inherited)",
					"@executable_path/Frameworks",
					"@loader_path/Frameworks",
				);
				PRODUCT_BUNDLE_IDENTIFIER = com.example.FacebookReactionsTests;
				PRODUCT_NAME = "$(TARGET_NAME)";
				SWIFT_VERSION = 5.0;
				TARGETED_DEVICE_FAMILY = "1,2";
				TEST_HOST = "$(BUILT_PRODUCTS_DIR)/FacebookReactions.app/FacebookReactions";
			};
			name = Debug;
		};
		711792DB2540962800D4EDA9 /* Release */ = {
			isa = XCBuildConfiguration;
			buildSettings = {
				ALWAYS_EMBED_SWIFT_STANDARD_LIBRARIES = YES;
				BUNDLE_LOADER = "$(TEST_HOST)";
				CODE_SIGN_STYLE = Automatic;
				DEVELOPMENT_TEAM = 3Y9DK6PUZE;
				INFOPLIST_FILE = FacebookReactionsTests/Info.plist;
				IPHONEOS_DEPLOYMENT_TARGET = 14.0;
				LD_RUNPATH_SEARCH_PATHS = (
					"$(inherited)",
					"@executable_path/Frameworks",
					"@loader_path/Frameworks",
				);
				PRODUCT_BUNDLE_IDENTIFIER = com.example.FacebookReactionsTests;
				PRODUCT_NAME = "$(TARGET_NAME)";
				SWIFT_VERSION = 5.0;
				TARGETED_DEVICE_FAMILY = "1,2";
				TEST_HOST = "$(BUILT_PRODUCTS_DIR)/FacebookReactions.app/FacebookReactions";
			};
			name = Release;
		};
		711792DD2540962800D4EDA9 /* Debug */ = {
			isa = XCBuildConfiguration;
			buildSettings = {
				ALWAYS_EMBED_SWIFT_STANDARD_LIBRARIES = YES;
				CODE_SIGN_STYLE = Automatic;
				DEVELOPMENT_TEAM = 3Y9DK6PUZE;
				INFOPLIST_FILE = FacebookReactionsUITests/Info.plist;
				LD_RUNPATH_SEARCH_PATHS = (
					"$(inherited)",
					"@executable_path/Frameworks",
					"@loader_path/Frameworks",
				);
				PRODUCT_BUNDLE_IDENTIFIER = com.example.FacebookReactionsUITests;
				PRODUCT_NAME = "$(TARGET_NAME)";
				SWIFT_VERSION = 5.0;
				TARGETED_DEVICE_FAMILY = "1,2";
				TEST_TARGET_NAME = FacebookReactions;
			};
			name = Debug;
		};
		711792DE2540962800D4EDA9 /* Release */ = {
			isa = XCBuildConfiguration;
			buildSettings = {
				ALWAYS_EMBED_SWIFT_STANDARD_LIBRARIES = YES;
				CODE_SIGN_STYLE = Automatic;
				DEVELOPMENT_TEAM = 3Y9DK6PUZE;
				INFOPLIST_FILE = FacebookReactionsUITests/Info.plist;
				LD_RUNPATH_SEARCH_PATHS = (
					"$(inherited)",
					"@executable_path/Frameworks",
					"@loader_path/Frameworks",
				);
				PRODUCT_BUNDLE_IDENTIFIER = com.example.FacebookReactionsUITests;
				PRODUCT_NAME = "$(TARGET_NAME)";
				SWIFT_VERSION = 5.0;
				TARGETED_DEVICE_FAMILY = "1,2";
				TEST_TARGET_NAME = FacebookReactions;
			};
			name = Release;
		};
/* End XCBuildConfiguration section */

/* Begin XCConfigurationList section */
		711792A72540962600D4EDA9 /* Build configuration list for PBXProject "FacebookReactions" */ = {
			isa = XCConfigurationList;
			buildConfigurations = (
				711792D42540962800D4EDA9 /* Debug */,
				711792D52540962800D4EDA9 /* Release */,
			);
			defaultConfigurationIsVisible = 0;
			defaultConfigurationName = Release;
		};
		711792D62540962800D4EDA9 /* Build configuration list for PBXNativeTarget "FacebookReactions" */ = {
			isa = XCConfigurationList;
			buildConfigurations = (
				711792D72540962800D4EDA9 /* Debug */,
				711792D82540962800D4EDA9 /* Release */,
			);
			defaultConfigurationIsVisible = 0;
			defaultConfigurationName = Release;
		};
		711792D92540962800D4EDA9 /* Build configuration list for PBXNativeTarget "FacebookReactionsTests" */ = {
			isa = XCConfigurationList;
			buildConfigurations = (
				711792DA2540962800D4EDA9 /* Debug */,
				711792DB2540962800D4EDA9 /* Release */,
			);
			defaultConfigurationIsVisible = 0;
			defaultConfigurationName = Release;
		};
		711792DC2540962800D4EDA9 /* Build configuration list for PBXNativeTarget "FacebookReactionsUITests" */ = {
			isa = XCConfigurationList;
			buildConfigurations = (
				711792DD2540962800D4EDA9 /* Debug */,
				711792DE2540962800D4EDA9 /* Release */,
			);
			defaultConfigurationIsVisible = 0;
			defaultConfigurationName = Release;
		};
/* End XCConfigurationList section */

/* Begin XCRemoteSwiftPackageReference section */
		716B303D2541104C00E568F1 /* XCRemoteSwiftPackageReference "SDWebImageSwiftUI" */ = {
			isa = XCRemoteSwiftPackageReference;
			repositoryURL = "https://github.com/SDWebImage/SDWebImageSwiftUI";
			requirement = {
				kind = upToNextMajorVersion;
				minimumVersion = 1.5.0;
			};
		};
/* End XCRemoteSwiftPackageReference section */

/* Begin XCSwiftPackageProductDependency section */
		716B303E2541104C00E568F1 /* SDWebImageSwiftUI */ = {
			isa = XCSwiftPackageProductDependency;
			package = 716B303D2541104C00E568F1 /* XCRemoteSwiftPackageReference "SDWebImageSwiftUI" */;
			productName = SDWebImageSwiftUI;
		};
/* End XCSwiftPackageProductDependency section */
	};
	rootObject = 711792A42540962600D4EDA9 /* Project object */;
}
